
Microsoft Visual Studio Solution File, Format Version 12.00
# Visual Studio Version 17
VisualStudioVersion = 17.7.34202.233
MinimumVisualStudioVersion = 10.0.40219.1
Project("{9A19103F-16F7-4668-BE54-9A1E7A4F7556}") = "DataAccessLayer", "DataAccessLayer\DataAccessLayer.csproj", "{6AD8E9BD-EF85-4E3B-AEE8-2A4A2FC153BF}"
EndProject
Project("{9A19103F-16F7-4668-BE54-9A1E7A4F7556}") = "ModelLayer", "ModelLayer\ModelLayer.csproj", "{F514D02C-2D81-4BB8-A9DC-A0636AC8AF17}"
EndProject
Project("{9A19103F-16F7-4668-BE54-9A1E7A4F7556}") = "UserInterface", "UserInterface\UserInterface.csproj", "{5A793E19-EB44-443F-90AB-94BD4AB36FD2}"
EndProject
Global
	GlobalSection(SolutionConfigurationPlatforms) = preSolution
		Debug|Any CPU = Debug|Any CPU
		Release|Any CPU = Release|Any CPU
	EndGlobalSection
	GlobalSection(ProjectConfigurationPlatforms) = postSolution
		{6AD8E9BD-EF85-4E3B-AEE8-2A4A2FC153BF}.Debug|Any CPU.ActiveCfg = Debug|Any CPU
		{6AD8E9BD-EF85-4E3B-AEE8-2A4A2FC153BF}.Debug|Any CPU.Build.0 = Debug|Any CPU
		{6AD8E9BD-EF85-4E3B-AEE8-2A4A2FC153BF}.Release|Any CPU.ActiveCfg = Release|Any CPU
		{6AD8E9BD-EF85-4E3B-AEE8-2A4A2FC153BF}.Release|Any CPU.Build.0 = Release|Any CPU
		{F514D02C-2D81-4BB8-A9DC-A0636AC8AF17}.Debug|Any CPU.ActiveCfg = Debug|Any CPU
		{F514D02C-2D81-4BB8-A9DC-A0636AC8AF17}.Debug|Any CPU.Build.0 = Debug|Any CPU
		{F514D02C-2D81-4BB8-A9DC-A0636AC8AF17}.Release|Any CPU.ActiveCfg = Release|Any CPU
		{F514D02C-2D81-4BB8-A9DC-A0636AC8AF17}.Release|Any CPU.Build.0 = Release|Any CPU
		{5A793E19-EB44-443F-90AB-94BD4AB36FD2}.Debug|Any CPU.ActiveCfg = Debug|Any CPU
		{5A793E19-EB44-443F-90AB-94BD4AB36FD2}.Debug|Any CPU.Build.0 = Debug|Any CPU
		{5A793E19-EB44-443F-90AB-94BD4AB36FD2}.Release|Any CPU.ActiveCfg = Release|Any CPU
		{5A793E19-EB44-443F-90AB-94BD4AB36FD2}.Release|Any CPU.Build.0 = Release|Any CPU
	EndGlobalSection
	GlobalSection(SolutionProperties) = preSolution
		HideSolutionNode = FALSE
	EndGlobalSection
	GlobalSection(ExtensibilityGlobals) = postSolution
		SolutionGuid = {5BBFE029-F52A-4974-854E-C00119D683A3}
	EndGlobalSection
EndGlobal
